
Microsoft Visual Studio Solution File, Format Version 9.00
# Visual Studio 2005
Project("{FAE04EC0-301F-11D3-BF4B-00C04F79EFBC}") = "SolidGui.Tests", "SolidGui.Tests\SolidGui.Tests.csproj", "{3DC3F32B-28DF-469D-B69C-46181292D2BE}"
EndProject
Project("{FAE04EC0-301F-11D3-BF4B-00C04F79EFBC}") = "SolidGui", "SolidGui\SolidGui.csproj", "{30985726-18E5-44E3-9CAD-FE27E0323FA1}"
EndProject
Project("{FAE04EC0-301F-11D3-BF4B-00C04F79EFBC}") = "SolidConsole", "SolidConsole\SolidConsole.csproj", "{2AE6670D-904B-42E3-AEBC-453649B1A6A3}"
EndProject
Project("{FAE04EC0-301F-11D3-BF4B-00C04F79EFBC}") = "SolidEngine", "SolidEngine\SolidEngine.csproj", "{B821554A-06BD-4EB3-96D4-959853E8E8A6}"
EndProject
Project("{FAE04EC0-301F-11D3-BF4B-00C04F79EFBC}") = "SolidEngine.Test", "SolidEngine.Test\SolidEngine.Test.csproj", "{89CEA606-4FAA-4E31-A20B-2C453E458236}"
EndProject
Global
	GlobalSection(SolutionConfigurationPlatforms) = preSolution
		Debug|Any CPU = Debug|Any CPU
		Release|Any CPU = Release|Any CPU
	EndGlobalSection
	GlobalSection(ProjectConfigurationPlatforms) = postSolution
		{3DC3F32B-28DF-469D-B69C-46181292D2BE}.Debug|Any CPU.ActiveCfg = Debug|Any CPU
		{3DC3F32B-28DF-469D-B69C-46181292D2BE}.Debug|Any CPU.Build.0 = Debug|Any CPU
		{3DC3F32B-28DF-469D-B69C-46181292D2BE}.Release|Any CPU.ActiveCfg = Release|Any CPU
		{3DC3F32B-28DF-469D-B69C-46181292D2BE}.Release|Any CPU.Build.0 = Release|Any CPU
		{30985726-18E5-44E3-9CAD-FE27E0323FA1}.Debug|Any CPU.ActiveCfg = Debug|Any CPU
		{30985726-18E5-44E3-9CAD-FE27E0323FA1}.Debug|Any CPU.Build.0 = Debug|Any CPU
		{30985726-18E5-44E3-9CAD-FE27E0323FA1}.Release|Any CPU.ActiveCfg = Release|Any CPU
		{30985726-18E5-44E3-9CAD-FE27E0323FA1}.Release|Any CPU.Build.0 = Release|Any CPU
		{2AE6670D-904B-42E3-AEBC-453649B1A6A3}.Debug|Any CPU.ActiveCfg = Debug|Any CPU
		{2AE6670D-904B-42E3-AEBC-453649B1A6A3}.Debug|Any CPU.Build.0 = Debug|Any CPU
		{2AE6670D-904B-42E3-AEBC-453649B1A6A3}.Release|Any CPU.ActiveCfg = Release|Any CPU
		{2AE6670D-904B-42E3-AEBC-453649B1A6A3}.Release|Any CPU.Build.0 = Release|Any CPU
		{B821554A-06BD-4EB3-96D4-959853E8E8A6}.Debug|Any CPU.ActiveCfg = Debug|Any CPU
		{B821554A-06BD-4EB3-96D4-959853E8E8A6}.Debug|Any CPU.Build.0 = Debug|Any CPU
		{B821554A-06BD-4EB3-96D4-959853E8E8A6}.Release|Any CPU.ActiveCfg = Release|Any CPU
		{B821554A-06BD-4EB3-96D4-959853E8E8A6}.Release|Any CPU.Build.0 = Release|Any CPU
		{89CEA606-4FAA-4E31-A20B-2C453E458236}.Debug|Any CPU.ActiveCfg = Debug|Any CPU
		{89CEA606-4FAA-4E31-A20B-2C453E458236}.Debug|Any CPU.Build.0 = Debug|Any CPU
		{89CEA606-4FAA-4E31-A20B-2C453E458236}.Release|Any CPU.ActiveCfg = Release|Any CPU
		{89CEA606-4FAA-4E31-A20B-2C453E458236}.Release|Any CPU.Build.0 = Release|Any CPU
	EndGlobalSection
	GlobalSection(SolutionProperties) = preSolution
		HideSolutionNode = FALSE
	EndGlobalSection
EndGlobal
